
Microsoft Visual Studio Solution File, Format Version 12.00
# Visual Studio Version 17
VisualStudioVersion = 17.7.34003.232
MinimumVisualStudioVersion = 10.0.40219.1
Project("{8BC9CEB8-8B4A-11D0-8D11-00A0C91BC942}") = "Práctica 1", "Práctica 1\Práctica 1.vcxproj", "{A30BF7EC-9927-4F80-B926-CDE9A76A685C}"
EndProject
Project("{8BC9CEB8-8B4A-11D0-8D11-00A0C91BC942}") = "Práctica 2", "Práctica 2\Práctica 2.vcxproj", "{94AB4D1B-A5E3-472C-AEE8-B8D1D5A9A952}"
EndProject
Project("{8BC9CEB8-8B4A-11D0-8D11-00A0C91BC942}") = "Práctica 3", "Práctica 3\Práctica 3.vcxproj", "{71133B10-8BBD-44B6-88DB-282CCA5BC17C}"
EndProject
Project("{8BC9CEB8-8B4A-11D0-8D11-00A0C91BC942}") = "Práctica 4", "Práctica 4\Práctica 4.vcxproj", "{179AFF85-36C8-4B62-8B93-BE14AC2C165E}"
EndProject
Project("{8BC9CEB8-8B4A-11D0-8D11-00A0C91BC942}") = "Práctica 5", "Práctica 5\Práctica 5.vcxproj", "{34415383-990F-40ED-8B30-917B76C1E2C3}"
EndProject
Project("{8BC9CEB8-8B4A-11D0-8D11-00A0C91BC942}") = "Práctica 6", "Práctica 6\Práctica 6.vcxproj", "{9A51F66D-A8DF-4A4B-A1FE-A3AC369CEDDD}"
EndProject
Project("{8BC9CEB8-8B4A-11D0-8D11-00A0C91BC942}") = "Práctica 7", "Práctica 7\Práctica 7.vcxproj", "{F792FDB1-B934-4B75-8728-621DD7A0D4C4}"
EndProject
Project("{8BC9CEB8-8B4A-11D0-8D11-00A0C91BC942}") = "Práctica 8", "Práctica 8\Práctica 8.vcxproj", "{128B5111-9555-4117-B39B-DF345691E83A}"
EndProject
Project("{8BC9CEB8-8B4A-11D0-8D11-00A0C91BC942}") = "Práctica 9", "Práctica 9\Práctica 9.vcxproj", "{B205AA39-F795-4217-942A-D271A7BCB3F5}"
EndProject
Project("{8BC9CEB8-8B4A-11D0-8D11-00A0C91BC942}") = "Práctica 10", "Práctica 10\Práctica 10.vcxproj", "{75FEB716-F54D-4A88-AB03-7D33014B311D}"
EndProject
Project("{8BC9CEB8-8B4A-11D0-8D11-00A0C91BC942}") = "Práctica 11", "Práctica 11\Práctica 11.vcxproj", "{4C53078B-55A1-4D9D-8773-F91125D0EAAC}"
EndProject
Project("{8BC9CEB8-8B4A-11D0-8D11-00A0C91BC942}") = "Práctica 12", "Práctica 12\Práctica 12.vcxproj", "{6FFC1F15-E779-49DB-A290-5AD852803EBF}"
EndProject
Project("{8BC9CEB8-8B4A-11D0-8D11-00A0C91BC942}") = "Práctica 13", "Práctica 13\Práctica 13.vcxproj", "{06EDAF3B-15FD-43E9-AB35-00C78BCF0CDD}"
EndProject
Project("{8BC9CEB8-8B4A-11D0-8D11-00A0C91BC942}") = "Práctica 14", "Práctica 14\Práctica 14.vcxproj", "{32890B9F-797B-470C-90BF-E530E9940CD3}"
EndProject
Global
	GlobalSection(SolutionConfigurationPlatforms) = preSolution
		Debug|x64 = Debug|x64
		Debug|x86 = Debug|x86
		Release|x64 = Release|x64
		Release|x86 = Release|x86
	EndGlobalSection
	GlobalSection(ProjectConfigurationPlatforms) = postSolution
		{A30BF7EC-9927-4F80-B926-CDE9A76A685C}.Debug|x64.ActiveCfg = Debug|x64
		{A30BF7EC-9927-4F80-B926-CDE9A76A685C}.Debug|x64.Build.0 = Debug|x64
		{A30BF7EC-9927-4F80-B926-CDE9A76A685C}.Debug|x86.ActiveCfg = Debug|Win32
		{A30BF7EC-9927-4F80-B926-CDE9A76A685C}.Debug|x86.Build.0 = Debug|Win32
		{A30BF7EC-9927-4F80-B926-CDE9A76A685C}.Release|x64.ActiveCfg = Release|x64
		{A30BF7EC-9927-4F80-B926-CDE9A76A685C}.Release|x64.Build.0 = Release|x64
		{A30BF7EC-9927-4F80-B926-CDE9A76A685C}.Release|x86.ActiveCfg = Release|Win32
		{A30BF7EC-9927-4F80-B926-CDE9A76A685C}.Release|x86.Build.0 = Release|Win32
		{94AB4D1B-A5E3-472C-AEE8-B8D1D5A9A952}.Debug|x64.ActiveCfg = Debug|x64
		{94AB4D1B-A5E3-472C-AEE8-B8D1D5A9A952}.Debug|x64.Build.0 = Debug|x64
		{94AB4D1B-A5E3-472C-AEE8-B8D1D5A9A952}.Debug|x86.ActiveCfg = Debug|Win32
		{94AB4D1B-A5E3-472C-AEE8-B8D1D5A9A952}.Debug|x86.Build.0 = Debug|Win32
		{94AB4D1B-A5E3-472C-AEE8-B8D1D5A9A952}.Release|x64.ActiveCfg = Release|x64
		{94AB4D1B-A5E3-472C-AEE8-B8D1D5A9A952}.Release|x64.Build.0 = Release|x64
		{94AB4D1B-A5E3-472C-AEE8-B8D1D5A9A952}.Release|x86.ActiveCfg = Release|Win32
		{94AB4D1B-A5E3-472C-AEE8-B8D1D5A9A952}.Release|x86.Build.0 = Release|Win32
		{71133B10-8BBD-44B6-88DB-282CCA5BC17C}.Debug|x64.ActiveCfg = Debug|x64
		{71133B10-8BBD-44B6-88DB-282CCA5BC17C}.Debug|x64.Build.0 = Debug|x64
		{71133B10-8BBD-44B6-88DB-282CCA5BC17C}.Debug|x86.ActiveCfg = Debug|Win32
		{71133B10-8BBD-44B6-88DB-282CCA5BC17C}.Debug|x86.Build.0 = Debug|Win32
		{71133B10-8BBD-44B6-88DB-282CCA5BC17C}.Release|x64.ActiveCfg = Release|x64
		{71133B10-8BBD-44B6-88DB-282CCA5BC17C}.Release|x64.Build.0 = Release|x64
		{71133B10-8BBD-44B6-88DB-282CCA5BC17C}.Release|x86.ActiveCfg = Release|Win32
		{71133B10-8BBD-44B6-88DB-282CCA5BC17C}.Release|x86.Build.0 = Release|Win32
		{179AFF85-36C8-4B62-8B93-BE14AC2C165E}.Debug|x64.ActiveCfg = Debug|x64
		{179AFF85-36C8-4B62-8B93-BE14AC2C165E}.Debug|x64.Build.0 = Debug|x64
		{179AFF85-36C8-4B62-8B93-BE14AC2C165E}.Debug|x86.ActiveCfg = Debug|Win32
		{179AFF85-36C8-4B62-8B93-BE14AC2C165E}.Debug|x86.Build.0 = Debug|Win32
		{179AFF85-36C8-4B62-8B93-BE14AC2C165E}.Release|x64.ActiveCfg = Release|x64
		{179AFF85-36C8-4B62-8B93-BE14AC2C165E}.Release|x64.Build.0 = Release|x64
		{179AFF85-36C8-4B62-8B93-BE14AC2C165E}.Release|x86.ActiveCfg = Release|Win32
		{179AFF85-36C8-4B62-8B93-BE14AC2C165E}.Release|x86.Build.0 = Release|Win32
		{34415383-990F-40ED-8B30-917B76C1E2C3}.Debug|x64.ActiveCfg = Debug|x64
		{34415383-990F-40ED-8B30-917B76C1E2C3}.Debug|x64.Build.0 = Debug|x64
		{34415383-990F-40ED-8B30-917B76C1E2C3}.Debug|x86.ActiveCfg = Debug|Win32
		{34415383-990F-40ED-8B30-917B76C1E2C3}.Debug|x86.Build.0 = Debug|Win32
		{34415383-990F-40ED-8B30-917B76C1E2C3}.Release|x64.ActiveCfg = Release|x64
		{34415383-990F-40ED-8B30-917B76C1E2C3}.Release|x64.Build.0 = Release|x64
		{34415383-990F-40ED-8B30-917B76C1E2C3}.Release|x86.ActiveCfg = Release|Win32
		{34415383-990F-40ED-8B30-917B76C1E2C3}.Release|x86.Build.0 = Release|Win32
		{9A51F66D-A8DF-4A4B-A1FE-A3AC369CEDDD}.Debug|x64.ActiveCfg = Debug|x64
		{9A51F66D-A8DF-4A4B-A1FE-A3AC369CEDDD}.Debug|x64.Build.0 = Debug|x64
		{9A51F66D-A8DF-4A4B-A1FE-A3AC369CEDDD}.Debug|x86.ActiveCfg = Debug|Win32
		{9A51F66D-A8DF-4A4B-A1FE-A3AC369CEDDD}.Debug|x86.Build.0 = Debug|Win32
		{9A51F66D-A8DF-4A4B-A1FE-A3AC369CEDDD}.Release|x64.ActiveCfg = Release|x64
		{9A51F66D-A8DF-4A4B-A1FE-A3AC369CEDDD}.Release|x64.Build.0 = Release|x64
		{9A51F66D-A8DF-4A4B-A1FE-A3AC369CEDDD}.Release|x86.ActiveCfg = Release|Win32
		{9A51F66D-A8DF-4A4B-A1FE-A3AC369CEDDD}.Release|x86.Build.0 = Release|Win32
		{F792FDB1-B934-4B75-8728-621DD7A0D4C4}.Debug|x64.ActiveCfg = Debug|x64
		{F792FDB1-B934-4B75-8728-621DD7A0D4C4}.Debug|x64.Build.0 = Debug|x64
		{F792FDB1-B934-4B75-8728-621DD7A0D4C4}.Debug|x86.ActiveCfg = Debug|Win32
		{F792FDB1-B934-4B75-8728-621DD7A0D4C4}.Debug|x86.Build.0 = Debug|Win32
		{F792FDB1-B934-4B75-8728-621DD7A0D4C4}.Release|x64.ActiveCfg = Release|x64
		{F792FDB1-B934-4B75-8728-621DD7A0D4C4}.Release|x64.Build.0 = Release|x64
		{F792FDB1-B934-4B75-8728-621DD7A0D4C4}.Release|x86.ActiveCfg = Release|Win32
		{F792FDB1-B934-4B75-8728-621DD7A0D4C4}.Release|x86.Build.0 = Release|Win32
		{128B5111-9555-4117-B39B-DF345691E83A}.Debug|x64.ActiveCfg = Debug|x64
		{128B5111-9555-4117-B39B-DF345691E83A}.Debug|x64.Build.0 = Debug|x64
		{128B5111-9555-4117-B39B-DF345691E83A}.Debug|x86.ActiveCfg = Debug|Win32
		{128B5111-9555-4117-B39B-DF345691E83A}.Debug|x86.Build.0 = Debug|Win32
		{128B5111-9555-4117-B39B-DF345691E83A}.Release|x64.ActiveCfg = Release|x64
		{128B5111-9555-4117-B39B-DF345691E83A}.Release|x64.Build.0 = Release|x64
		{128B5111-9555-4117-B39B-DF345691E83A}.Release|x86.ActiveCfg = Release|Win32
		{128B5111-9555-4117-B39B-DF345691E83A}.Release|x86.Build.0 = Release|Win32
		{B205AA39-F795-4217-942A-D271A7BCB3F5}.Debug|x64.ActiveCfg = Debug|x64
		{B205AA39-F795-4217-942A-D271A7BCB3F5}.Debug|x64.Build.0 = Debug|x64
		{B205AA39-F795-4217-942A-D271A7BCB3F5}.Debug|x86.ActiveCfg = Debug|Win32
		{B205AA39-F795-4217-942A-D271A7BCB3F5}.Debug|x86.Build.0 = Debug|Win32
		{B205AA39-F795-4217-942A-D271A7BCB3F5}.Release|x64.ActiveCfg = Release|x64
		{B205AA39-F795-4217-942A-D271A7BCB3F5}.Release|x64.Build.0 = Release|x64
		{B205AA39-F795-4217-942A-D271A7BCB3F5}.Release|x86.ActiveCfg = Release|Win32
		{B205AA39-F795-4217-942A-D271A7BCB3F5}.Release|x86.Build.0 = Release|Win32
		{75FEB716-F54D-4A88-AB03-7D33014B311D}.Debug|x64.ActiveCfg = Debug|x64
		{75FEB716-F54D-4A88-AB03-7D33014B311D}.Debug|x64.Build.0 = Debug|x64
		{75FEB716-F54D-4A88-AB03-7D33014B311D}.Debug|x86.ActiveCfg = Debug|Win32
		{75FEB716-F54D-4A88-AB03-7D33014B311D}.Debug|x86.Build.0 = Debug|Win32
		{75FEB716-F54D-4A88-AB03-7D33014B311D}.Release|x64.ActiveCfg = Release|x64
		{75FEB716-F54D-4A88-AB03-7D33014B311D}.Release|x64.Build.0 = Release|x64
		{75FEB716-F54D-4A88-AB03-7D33014B311D}.Release|x86.ActiveCfg = Release|Win32
		{75FEB716-F54D-4A88-AB03-7D33014B311D}.Release|x86.Build.0 = Release|Win32
		{4C53078B-55A1-4D9D-8773-F91125D0EAAC}.Debug|x64.ActiveCfg = Debug|x64
		{4C53078B-55A1-4D9D-8773-F91125D0EAAC}.Debug|x64.Build.0 = Debug|x64
		{4C53078B-55A1-4D9D-8773-F91125D0EAAC}.Debug|x86.ActiveCfg = Debug|Win32
		{4C53078B-55A1-4D9D-8773-F91125D0EAAC}.Debug|x86.Build.0 = Debug|Win32
		{4C53078B-55A1-4D9D-8773-F91125D0EAAC}.Release|x64.ActiveCfg = Release|x64
		{4C53078B-55A1-4D9D-8773-F91125D0EAAC}.Release|x64.Build.0 = Release|x64
		{4C53078B-55A1-4D9D-8773-F91125D0EAAC}.Release|x86.ActiveCfg = Release|Win32
		{4C53078B-55A1-4D9D-8773-F91125D0EAAC}.Release|x86.Build.0 = Release|Win32
		{6FFC1F15-E779-49DB-A290-5AD852803EBF}.Debug|x64.ActiveCfg = Debug|x64
		{6FFC1F15-E779-49DB-A290-5AD852803EBF}.Debug|x64.Build.0 = Debug|x64
		{6FFC1F15-E779-49DB-A290-5AD852803EBF}.Debug|x86.ActiveCfg = Debug|Win32
		{6FFC1F15-E779-49DB-A290-5AD852803EBF}.Debug|x86.Build.0 = Debug|Win32
		{6FFC1F15-E779-49DB-A290-5AD852803EBF}.Release|x64.ActiveCfg = Release|x64
		{6FFC1F15-E779-49DB-A290-5AD852803EBF}.Release|x64.Build.0 = Release|x64
		{6FFC1F15-E779-49DB-A290-5AD852803EBF}.Release|x86.ActiveCfg = Release|Win32
		{6FFC1F15-E779-49DB-A290-5AD852803EBF}.Release|x86.Build.0 = Release|Win32
		{06EDAF3B-15FD-43E9-AB35-00C78BCF0CDD}.Debug|x64.ActiveCfg = Debug|x64
		{06EDAF3B-15FD-43E9-AB35-00C78BCF0CDD}.Debug|x64.Build.0 = Debug|x64
		{06EDAF3B-15FD-43E9-AB35-00C78BCF0CDD}.Debug|x86.ActiveCfg = Debug|Win32
		{06EDAF3B-15FD-43E9-AB35-00C78BCF0CDD}.Debug|x86.Build.0 = Debug|Win32
		{06EDAF3B-15FD-43E9-AB35-00C78BCF0CDD}.Release|x64.ActiveCfg = Release|x64
		{06EDAF3B-15FD-43E9-AB35-00C78BCF0CDD}.Release|x64.Build.0 = Release|x64
		{06EDAF3B-15FD-43E9-AB35-00C78BCF0CDD}.Release|x86.ActiveCfg = Release|Win32
		{06EDAF3B-15FD-43E9-AB35-00C78BCF0CDD}.Release|x86.Build.0 = Release|Win32
		{32890B9F-797B-470C-90BF-E530E9940CD3}.Debug|x64.ActiveCfg = Debug|x64
		{32890B9F-797B-470C-90BF-E530E9940CD3}.Debug|x64.Build.0 = Debug|x64
		{32890B9F-797B-470C-90BF-E530E9940CD3}.Debug|x86.ActiveCfg = Debug|Win32
		{32890B9F-797B-470C-90BF-E530E9940CD3}.Debug|x86.Build.0 = Debug|Win32
		{32890B9F-797B-470C-90BF-E530E9940CD3}.Release|x64.ActiveCfg = Release|x64
		{32890B9F-797B-470C-90BF-E530E9940CD3}.Release|x64.Build.0 = Release|x64
		{32890B9F-797B-470C-90BF-E530E9940CD3}.Release|x86.ActiveCfg = Release|Win32
		{32890B9F-797B-470C-90BF-E530E9940CD3}.Release|x86.Build.0 = Release|Win32
	EndGlobalSection
	GlobalSection(SolutionProperties) = preSolution
		HideSolutionNode = FALSE
	EndGlobalSection
	GlobalSection(ExtensibilityGlobals) = postSolution
		SolutionGuid = {9291C22E-3854-41AF-A074-2A68B47D363E}
	EndGlobalSection
EndGlobal
